
Microsoft Visual Studio Solution File, Format Version 12.00
# Visual Studio Version 16
VisualStudioVersion = 16.0.31424.327
MinimumVisualStudioVersion = 10.0.40219.1
Project("{2150E333-8FDC-42A3-9474-1A3956D46DE8}") = "src", "src", "{032CFAB5-A927-4EB9-A4CE-E6D335AD7F2F}"
EndProject
Project("{9A19103F-16F7-4668-BE54-9A1E7A4F7556}") = "CoolMessage.Producer", "src\CoolMessage.Producer\CoolMessage.Producer.csproj", "{32424282-1879-4D46-B6C5-2F1515DE0F23}"
EndProject
Project("{9A19103F-16F7-4668-BE54-9A1E7A4F7556}") = "CoolMessage.Consumer", "src\CoolMessage.Consumer\CoolMessage.Consumer.csproj", "{D291440E-BF7E-470D-9F83-33BEA2DBD2A7}"
EndProject
Project("{E53339B2-1760-4266-BCC7-CA923CBCF16C}") = "docker-compose", "docker-compose.dcproj", "{1447A1D0-83B1-4E3B-B74B-D204B8E81757}"
EndProject
Global
	GlobalSection(SolutionConfigurationPlatforms) = preSolution
		Debug|Any CPU = Debug|Any CPU
		Debug|x64 = Debug|x64
		Debug|x86 = Debug|x86
		Release|Any CPU = Release|Any CPU
		Release|x64 = Release|x64
		Release|x86 = Release|x86
	EndGlobalSection
	GlobalSection(ProjectConfigurationPlatforms) = postSolution
		{32424282-1879-4D46-B6C5-2F1515DE0F23}.Debug|Any CPU.ActiveCfg = Debug|Any CPU
		{32424282-1879-4D46-B6C5-2F1515DE0F23}.Debug|Any CPU.Build.0 = Debug|Any CPU
		{32424282-1879-4D46-B6C5-2F1515DE0F23}.Debug|x64.ActiveCfg = Debug|Any CPU
		{32424282-1879-4D46-B6C5-2F1515DE0F23}.Debug|x64.Build.0 = Debug|Any CPU
		{32424282-1879-4D46-B6C5-2F1515DE0F23}.Debug|x86.ActiveCfg = Debug|Any CPU
		{32424282-1879-4D46-B6C5-2F1515DE0F23}.Debug|x86.Build.0 = Debug|Any CPU
		{32424282-1879-4D46-B6C5-2F1515DE0F23}.Release|Any CPU.ActiveCfg = Release|Any CPU
		{32424282-1879-4D46-B6C5-2F1515DE0F23}.Release|Any CPU.Build.0 = Release|Any CPU
		{32424282-1879-4D46-B6C5-2F1515DE0F23}.Release|x64.ActiveCfg = Release|Any CPU
		{32424282-1879-4D46-B6C5-2F1515DE0F23}.Release|x64.Build.0 = Release|Any CPU
		{32424282-1879-4D46-B6C5-2F1515DE0F23}.Release|x86.ActiveCfg = Release|Any CPU
		{32424282-1879-4D46-B6C5-2F1515DE0F23}.Release|x86.Build.0 = Release|Any CPU
		{D291440E-BF7E-470D-9F83-33BEA2DBD2A7}.Debug|Any CPU.ActiveCfg = Debug|Any CPU
		{D291440E-BF7E-470D-9F83-33BEA2DBD2A7}.Debug|Any CPU.Build.0 = Debug|Any CPU
		{D291440E-BF7E-470D-9F83-33BEA2DBD2A7}.Debug|x64.ActiveCfg = Debug|Any CPU
		{D291440E-BF7E-470D-9F83-33BEA2DBD2A7}.Debug|x64.Build.0 = Debug|Any CPU
		{D291440E-BF7E-470D-9F83-33BEA2DBD2A7}.Debug|x86.ActiveCfg = Debug|Any CPU
		{D291440E-BF7E-470D-9F83-33BEA2DBD2A7}.Debug|x86.Build.0 = Debug|Any CPU
		{D291440E-BF7E-470D-9F83-33BEA2DBD2A7}.Release|Any CPU.ActiveCfg = Release|Any CPU
		{D291440E-BF7E-470D-9F83-33BEA2DBD2A7}.Release|Any CPU.Build.0 = Release|Any CPU
		{D291440E-BF7E-470D-9F83-33BEA2DBD2A7}.Release|x64.ActiveCfg = Release|Any CPU
		{D291440E-BF7E-470D-9F83-33BEA2DBD2A7}.Release|x64.Build.0 = Release|Any CPU
		{D291440E-BF7E-470D-9F83-33BEA2DBD2A7}.Release|x86.ActiveCfg = Release|Any CPU
		{D291440E-BF7E-470D-9F83-33BEA2DBD2A7}.Release|x86.Build.0 = Release|Any CPU
		{1447A1D0-83B1-4E3B-B74B-D204B8E81757}.Debug|Any CPU.ActiveCfg = Debug|Any CPU
		{1447A1D0-83B1-4E3B-B74B-D204B8E81757}.Debug|Any CPU.Build.0 = Debug|Any CPU
		{1447A1D0-83B1-4E3B-B74B-D204B8E81757}.Debug|x64.ActiveCfg = Debug|Any CPU
		{1447A1D0-83B1-4E3B-B74B-D204B8E81757}.Debug|x64.Build.0 = Debug|Any CPU
		{1447A1D0-83B1-4E3B-B74B-D204B8E81757}.Debug|x86.ActiveCfg = Debug|Any CPU
		{1447A1D0-83B1-4E3B-B74B-D204B8E81757}.Debug|x86.Build.0 = Debug|Any CPU
		{1447A1D0-83B1-4E3B-B74B-D204B8E81757}.Release|Any CPU.ActiveCfg = Release|Any CPU
		{1447A1D0-83B1-4E3B-B74B-D204B8E81757}.Release|Any CPU.Build.0 = Release|Any CPU
		{1447A1D0-83B1-4E3B-B74B-D204B8E81757}.Release|x64.ActiveCfg = Release|Any CPU
		{1447A1D0-83B1-4E3B-B74B-D204B8E81757}.Release|x64.Build.0 = Release|Any CPU
		{1447A1D0-83B1-4E3B-B74B-D204B8E81757}.Release|x86.ActiveCfg = Release|Any CPU
		{1447A1D0-83B1-4E3B-B74B-D204B8E81757}.Release|x86.Build.0 = Release|Any CPU
	EndGlobalSection
	GlobalSection(SolutionProperties) = preSolution
		HideSolutionNode = FALSE
	EndGlobalSection
	GlobalSection(NestedProjects) = preSolution
		{32424282-1879-4D46-B6C5-2F1515DE0F23} = {032CFAB5-A927-4EB9-A4CE-E6D335AD7F2F}
		{D291440E-BF7E-470D-9F83-33BEA2DBD2A7} = {032CFAB5-A927-4EB9-A4CE-E6D335AD7F2F}
	EndGlobalSection
	GlobalSection(ExtensibilityGlobals) = postSolution
		SolutionGuid = {91451A7C-C4D9-4E18-BAAE-9B45D6095791}
	EndGlobalSection
EndGlobal
